# THIS IS AN AUTOGENERATED FILE. DO NOT EDIT THIS FILE DIRECTLY.
# yarn lockfile v1


"@tsconfig/node16@^1.0.2":
  version "1.0.2"
  resolved "https://domoreexp.pkgs.visualstudio.com/_packaging/npm-mirror/npm/registry/@tsconfig/node16/-/node16-1.0.2.tgz#423c77877d0569db20e1fc80885ac4118314010e"
  integrity sha1-Qjx3h30Fadsg4fyAiFrEEYMUAQ4=

"@types/node@^17.0.38":
  version "17.0.38"
  resolved "https://domoreexp.pkgs.visualstudio.com/_packaging/npm-mirror/npm/registry/@types/node/-/node-17.0.38.tgz#f8bb07c371ccb1903f3752872c89f44006132947"
  integrity sha1-+LsHw3HMsZA/N1KHLIn0QAYTKUc=

typescript@^4.8.0-dev.20220524:
  version "4.8.0-dev.20220524"
  resolved "https://domoreexp.pkgs.visualstudio.com/_packaging/npm-mirror/npm/registry/typescript/-/typescript-4.8.0-dev.20220524.tgz#1c7b94f048507f1536abdfc33111407b60e8491e"
  integrity sha1-HHuU8EhQfxU2q9/DMRFAe2DoSR4=
